<?xml version="1.0" encoding="utf-8"?>
<Project ToolsVersion="4.0" xmlns="http://schemas.microsoft.com/developer/msbuild/2003">
  <ItemGroup>
    <Filter Include="源文件">
      <UniqueIdentifier>{4FC737F1-C7A5-4376-A066-2A32D752A2FF}</UniqueIdentifier>
      <Extensions>cpp;c;cc;cxx;c++;cppm;ixx;def;odl;idl;hpj;bat;asm;asmx</Extensions>
    </Filter>
    <Filter Include="头文件">
      <UniqueIdentifier>{93995380-89BD-4b04-88EB-625FBE52EBFB}</UniqueIdentifier>
      <Extensions>h;hh;hpp;hxx;h++;hm;inl;inc;ipp;xsd</Extensions>
    </Filter>
    <Filter Include="资源文件">
      <UniqueIdentifier>{67DA6AB6-F800-4c08-8B7A-83BB121AAD01}</UniqueIdentifier>
      <Extensions>rc;ico;cur;bmp;dlg;rc2;rct;bin;rgs;gif;jpg;jpeg;jpe;resx;tiff;tif;png;wav;mfcribbon-ms</Extensions>
    </Filter>
    <Filter Include="源文件\OEWindows">
      <UniqueIdentifier>{e991b309-91de-4a73-976e-bacdeee29614}</UniqueIdentifier>
    </Filter>
    <Filter Include="源文件\OECore">
      <UniqueIdentifier>{c05a6e69-c805-4ff4-b58b-6b227d169e64}</UniqueIdentifier>
    </Filter>
    <Filter Include="源文件\Core">
      <UniqueIdentifier>{193c2327-8537-4eea-aeec-21658b6df359}</UniqueIdentifier>
    </Filter>
    <Filter Include="源文件\Core\Physics">
      <UniqueIdentifier>{f4cf8b3a-80b9-44d6-a620-32a6726d0afe}</UniqueIdentifier>
    </Filter>
    <Filter Include="源文件\Framework">
      <UniqueIdentifier>{5e79a393-e0b8-4cb0-b73d-e7a857ad291e}</UniqueIdentifier>
    </Filter>
    <Filter Include="源文件\Framework\Interface">
      <UniqueIdentifier>{d1cd2571-9a3a-450b-b685-cd2faabe0ea2}</UniqueIdentifier>
    </Filter>
    <Filter Include="源文件\Framework\Common">
      <UniqueIdentifier>{2a6ffa2d-dcb8-4045-8de3-87729b361ced}</UniqueIdentifier>
    </Filter>
    <Filter Include="源文件\Windows">
      <UniqueIdentifier>{994dd268-9b00-44b1-b690-5e4ce38f928e}</UniqueIdentifier>
    </Filter>
    <Filter Include="源文件\Core\Application">
      <UniqueIdentifier>{3ccc2d91-47bd-49da-886d-2928db5eb112}</UniqueIdentifier>
    </Filter>
  </ItemGroup>
  <ItemGroup>
    <ClCompile Include="test.cpp">
      <Filter>源文件</Filter>
    </ClCompile>
    <ClCompile Include="..\..\..\..\OpenGL\dependency\src\glad.c">
      <Filter>源文件</Filter>
    </ClCompile>
    <ClCompile Include="Window.h">
      <Filter>源文件\OEWindows</Filter>
    </ClCompile>
    <ClCompile Include="RigidBody.cpp">
      <Filter>源文件\Core\Physics</Filter>
    </ClCompile>
    <ClCompile Include="main.cpp">
      <Filter>源文件\Framework\Common</Filter>
    </ClCompile>
    <ClCompile Include="EmptyApplication.cpp">
      <Filter>源文件\Framework\Common</Filter>
    </ClCompile>
    <ClCompile Include="Allocator.cpp">
      <Filter>源文件\Framework\Common</Filter>
    </ClCompile>
    <ClCompile Include="MemoryManager.cpp">
      <Filter>源文件\Framework\Common</Filter>
    </ClCompile>
    <ClCompile Include="GraphicsManager.cpp">
      <Filter>源文件\Framework\Common</Filter>
    </ClCompile>
    <ClCompile Include="hellowengine_win.cpp">
      <Filter>源文件\Windows</Filter>
    </ClCompile>
    <ClCompile Include="InputManager.cpp">
      <Filter>源文件\Framework\Common</Filter>
    </ClCompile>
    <ClCompile Include="BaseApplication.cpp">
      <Filter>源文件\Core\Application</Filter>
    </ClCompile>
    <ClCompile Include="WindowsApplication.cpp">
      <Filter>源文件\Core\Application</Filter>
    </ClCompile>
  </ItemGroup>
  <ItemGroup>
    <None Include="packages.config" />
  </ItemGroup>
  <ItemGroup>
    <ClInclude Include="WindowSetting.h">
      <Filter>源文件\OEWindows</Filter>
    </ClInclude>
    <ClInclude Include="Setting.h">
      <Filter>源文件\OECore</Filter>
    </ClInclude>
    <ClInclude Include="Interface.h">
      <Filter>源文件\Framework\Interface</Filter>
    </ClInclude>
    <ClInclude Include="IRuntimeModule.h">
      <Filter>源文件\Framework\Interface</Filter>
    </ClInclude>
    <ClInclude Include="IApplication.h">
      <Filter>源文件\Framework\Interface</Filter>
    </ClInclude>
    <ClInclude Include="Allocator.h">
      <Filter>源文件\Framework\Common</Filter>
    </ClInclude>
    <ClInclude Include="MemoryManager.h">
      <Filter>源文件\Framework\Common</Filter>
    </ClInclude>
    <ClInclude Include="GraphicsManager.h">
      <Filter>源文件\Framework\Common</Filter>
    </ClInclude>
    <ClInclude Include="InputManager.h">
      <Filter>源文件\Framework\Common</Filter>
    </ClInclude>
    <ClInclude Include="BaseApplication.h">
      <Filter>源文件\Core\Application</Filter>
    </ClInclude>
    <ClInclude Include="WindowsApplication.h">
      <Filter>源文件\Core\Application</Filter>
    </ClInclude>
    <ClInclude Include="RigidBody.h">
      <Filter>源文件\Core\Physics</Filter>
    </ClInclude>
  </ItemGroup>
</Project>