<?xml version="1.0" encoding="utf-8"?>
<Project ToolsVersion="4.0" xmlns="http://schemas.microsoft.com/developer/msbuild/2003">
  <ItemGroup>
    <Filter Include="源文件">
      <UniqueIdentifier>{4FC737F1-C7A5-4376-A066-2A32D752A2FF}</UniqueIdentifier>
      <Extensions>cpp;c;cc;cxx;c++;cppm;ixx;def;odl;idl;hpj;bat;asm;asmx</Extensions>
    </Filter>
    <Filter Include="头文件">
      <UniqueIdentifier>{93995380-89BD-4b04-88EB-625FBE52EBFB}</UniqueIdentifier>
      <Extensions>h;hh;hpp;hxx;h++;hm;inl;inc;ipp;xsd</Extensions>
    </Filter>
    <Filter Include="资源文件">
      <UniqueIdentifier>{67DA6AB6-F800-4c08-8B7A-83BB121AAD01}</UniqueIdentifier>
      <Extensions>rc;ico;cur;bmp;dlg;rc2;rct;bin;rgs;gif;jpg;jpeg;jpe;resx;tiff;tif;png;wav;mfcribbon-ms</Extensions>
    </Filter>
    <Filter Include="头文件\OETool">
      <UniqueIdentifier>{0108176c-922c-42b4-ad20-7c81efd2dc26}</UniqueIdentifier>
    </Filter>
    <Filter Include="头文件\OECore">
      <UniqueIdentifier>{c05a6e69-c805-4ff4-b58b-6b227d169e64}</UniqueIdentifier>
    </Filter>
    <Filter Include="头文件\OEWindows">
      <UniqueIdentifier>{e991b309-91de-4a73-976e-bacdeee29614}</UniqueIdentifier>
    </Filter>
    <Filter Include="源文件\OETool">
      <UniqueIdentifier>{d19d6f4d-fce7-44c3-90a5-cd547ba8618a}</UniqueIdentifier>
    </Filter>
    <Filter Include="头文件\OEDebug">
      <UniqueIdentifier>{d19f9627-ead1-4c56-85dd-ec091e2921e2}</UniqueIdentifier>
    </Filter>
    <Filter Include="源文件\OEDebug">
      <UniqueIdentifier>{8de2590c-6303-4fce-99c0-49bc5a4f15a3}</UniqueIdentifier>
    </Filter>
    <Filter Include="源文件\OEWindows">
      <UniqueIdentifier>{a419be3a-ab23-4b6e-944f-734c4d36909c}</UniqueIdentifier>
    </Filter>
    <Filter Include="头文件\OEApplication">
      <UniqueIdentifier>{9f086007-8bc8-403e-a632-361d6836c649}</UniqueIdentifier>
    </Filter>
    <Filter Include="源文件\OEApplication">
      <UniqueIdentifier>{6da45585-4b61-4da4-99bf-638c443d3931}</UniqueIdentifier>
    </Filter>
    <Filter Include="源文件\Core">
      <UniqueIdentifier>{193c2327-8537-4eea-aeec-21658b6df359}</UniqueIdentifier>
    </Filter>
    <Filter Include="源文件\Core\Physics">
      <UniqueIdentifier>{f4cf8b3a-80b9-44d6-a620-32a6726d0afe}</UniqueIdentifier>
    </Filter>
    <Filter Include="头文件\OERendering">
      <UniqueIdentifier>{e83c5060-884e-4491-a11a-1f3b4d2a5e25}</UniqueIdentifier>
    </Filter>
    <Filter Include="头文件\OEEditor">
      <UniqueIdentifier>{1e87de5c-e028-4a7b-8577-4500d8df4347}</UniqueIdentifier>
    </Filter>
    <Filter Include="源文件\OEEditor">
      <UniqueIdentifier>{6f4e90de-e7fb-45d0-8c2f-dea33a3b2290}</UniqueIdentifier>
    </Filter>
    <Filter Include="头文件\OERendering\Assets">
      <UniqueIdentifier>{620d1713-b111-417d-965f-f808ab24c891}</UniqueIdentifier>
    </Filter>
    <Filter Include="源文件\OECore">
      <UniqueIdentifier>{4d8cd4ba-6023-4b79-830a-11bb17d3e8d1}</UniqueIdentifier>
    </Filter>
    <Filter Include="头文件\OERendering\Buffer">
      <UniqueIdentifier>{d3b9dc67-5cd1-4d8f-bf2d-c776ce07bcf0}</UniqueIdentifier>
    </Filter>
    <Filter Include="源文件\OERendering">
      <UniqueIdentifier>{55b5bcf7-4505-406f-bb17-2f0f835a708f}</UniqueIdentifier>
    </Filter>
    <Filter Include="源文件\OERendering\Assets">
      <UniqueIdentifier>{9d54a3d1-ecc7-4d1a-b2ce-c5d187ec7f11}</UniqueIdentifier>
    </Filter>
    <Filter Include="头文件\OECore\AssetImporter">
      <UniqueIdentifier>{5f1de591-cb87-4790-ae5f-f967b4d525b2}</UniqueIdentifier>
    </Filter>
    <Filter Include="头文件\OECore\ECS">
      <UniqueIdentifier>{7d8464f5-0aa0-48ef-85e0-9c9e0b8865e5}</UniqueIdentifier>
    </Filter>
    <Filter Include="头文件\OECore\ECS\Component">
      <UniqueIdentifier>{2abe2a57-5030-4ffe-8d01-bcc80bb2c09f}</UniqueIdentifier>
    </Filter>
    <Filter Include="头文件\OECore\ECS\System">
      <UniqueIdentifier>{d086cc92-6d99-4950-b1c4-ab680e12f1a6}</UniqueIdentifier>
    </Filter>
    <Filter Include="Imgui">
      <UniqueIdentifier>{56b1876a-58a4-40ce-94e3-2024e745ad20}</UniqueIdentifier>
    </Filter>
    <Filter Include="Imgui\sources">
      <UniqueIdentifier>{6084ee81-ec0c-461c-8e50-4da44cd26215}</UniqueIdentifier>
    </Filter>
    <Filter Include="头文件\OECore\Input">
      <UniqueIdentifier>{a0d019c8-da41-461c-89e7-e79c9e29459f}</UniqueIdentifier>
    </Filter>
    <Filter Include="头文件\OECore\UI">
      <UniqueIdentifier>{8c4bb639-22d1-41f6-8df5-48268087fe20}</UniqueIdentifier>
    </Filter>
    <Filter Include="头文件\OECore\ECS\System\Physics">
      <UniqueIdentifier>{b0ae765c-db50-4bc4-a7d6-72064c26cac6}</UniqueIdentifier>
    </Filter>
  </ItemGroup>
  <ItemGroup>
    <ClCompile Include="test.cpp">
      <Filter>源文件</Filter>
    </ClCompile>
    <ClCompile Include="..\..\..\..\OpenGL\dependency\src\glad.c">
      <Filter>源文件</Filter>
    </ClCompile>
    <ClCompile Include="Logger.cpp">
      <Filter>源文件\OEDebug</Filter>
    </ClCompile>
    <ClCompile Include="Time.cpp">
      <Filter>源文件\OETool</Filter>
    </ClCompile>
    <ClCompile Include="Window.cpp">
      <Filter>源文件\OEWindows</Filter>
    </ClCompile>
    <ClCompile Include="IniFile.cpp">
      <Filter>源文件\OETool</Filter>
    </ClCompile>
    <ClCompile Include="Context.cpp">
      <Filter>源文件\OEApplication</Filter>
    </ClCompile>
    <ClCompile Include="Application.cpp">
      <Filter>源文件\OEApplication</Filter>
    </ClCompile>
    <ClCompile Include="AssetDatabase.cpp">
      <Filter>源文件\OEEditor</Filter>
    </ClCompile>
    <ClCompile Include="Game.cpp">
      <Filter>源文件\OEApplication</Filter>
    </ClCompile>
    <ClCompile Include="Object.cpp">
      <Filter>源文件\OECore</Filter>
    </ClCompile>
    <ClCompile Include="Texture.cpp">
      <Filter>源文件\OERendering\Assets</Filter>
    </ClCompile>
    <ClCompile Include="stb_image.cpp">
      <Filter>源文件</Filter>
    </ClCompile>
    <ClCompile Include="World.cpp">
      <Filter>头文件\OECore\ECS</Filter>
    </ClCompile>
    <ClCompile Include="Entity.cpp">
      <Filter>头文件\OECore\ECS</Filter>
    </ClCompile>
    <ClCompile Include="GeometryComponent.cpp">
      <Filter>头文件\OECore\ECS\Component</Filter>
    </ClCompile>
    <ClCompile Include="TransformComponent.cpp">
      <Filter>头文件\OECore\ECS\Component</Filter>
    </ClCompile>
    <ClCompile Include="InputSystem.cpp">
      <Filter>头文件\OECore\ECS\System</Filter>
    </ClCompile>
    <ClCompile Include="PhysicSystem.cpp">
      <Filter>头文件\OECore\ECS\System</Filter>
    </ClCompile>
    <ClCompile Include="TransformSystem.cpp">
      <Filter>头文件\OECore\ECS\System</Filter>
    </ClCompile>
    <ClCompile Include="imgui_demo.cpp">
      <Filter>Imgui</Filter>
    </ClCompile>
    <ClCompile Include="imgui_draw.cpp">
      <Filter>Imgui</Filter>
    </ClCompile>
    <ClCompile Include="imgui_tables.cpp">
      <Filter>Imgui</Filter>
    </ClCompile>
    <ClCompile Include="imgui_widgets.cpp">
      <Filter>Imgui</Filter>
    </ClCompile>
    <ClCompile Include="imgui.cpp">
      <Filter>Imgui</Filter>
    </ClCompile>
    <ClCompile Include="imgui_impl_glfw.cpp">
      <Filter>Imgui\sources</Filter>
    </ClCompile>
    <ClCompile Include="imgui_impl_opengl3.cpp">
      <Filter>Imgui\sources</Filter>
    </ClCompile>
    <ClCompile Include="Input.cpp">
      <Filter>头文件\OECore\Input</Filter>
    </ClCompile>
    <ClCompile Include="UI.cpp">
      <Filter>头文件\OECore\UI</Filter>
    </ClCompile>
    <ClCompile Include="UIComponent.cpp">
      <Filter>头文件\OECore\ECS\Component</Filter>
    </ClCompile>
    <ClCompile Include="UISystem.cpp">
      <Filter>头文件\OECore\ECS\System</Filter>
    </ClCompile>
    <ClCompile Include="ButtonComponent.cpp">
      <Filter>头文件\OECore\ECS\Component</Filter>
    </ClCompile>
    <ClCompile Include="ServiceLocator.cpp">
      <Filter>源文件\OETool</Filter>
    </ClCompile>
    <ClCompile Include="CameraComponent.cpp">
      <Filter>头文件\OECore\ECS\Component</Filter>
    </ClCompile>
    <ClCompile Include="CameraSystem.cpp">
      <Filter>头文件\OECore\ECS\System</Filter>
    </ClCompile>
    <ClCompile Include="RigidBodyComponent.cpp">
      <Filter>头文件\OECore\ECS\Component</Filter>
    </ClCompile>
    <ClCompile Include="ColliderComponent.cpp">
      <Filter>头文件\OECore\ECS\Component</Filter>
    </ClCompile>
    <ClCompile Include="AABB.cpp">
      <Filter>头文件\OECore\ECS\System\Physics</Filter>
    </ClCompile>
    <ClCompile Include="BoardPhase.cpp">
      <Filter>头文件\OECore\ECS\System\Physics</Filter>
    </ClCompile>
    <ClCompile Include="NarrowPhase.cpp">
      <Filter>头文件\OECore\ECS\System\Physics</Filter>
    </ClCompile>
    <ClCompile Include="IntegratePhase.cpp">
      <Filter>头文件\OECore\ECS\System\Physics</Filter>
    </ClCompile>
    <ClCompile Include="ResolutionPhase.cpp">
      <Filter>头文件\OECore\ECS\System\Physics</Filter>
    </ClCompile>
    <ClCompile Include="Contact.cpp">
      <Filter>头文件\OECore\ECS\System\Physics</Filter>
    </ClCompile>
    <ClCompile Include="Inertia.cpp">
      <Filter>头文件\OECore\ECS\System\Physics</Filter>
    </ClCompile>
    <ClCompile Include="Jacobian.cpp">
      <Filter>头文件\OECore\ECS\System\Physics</Filter>
    </ClCompile>
    <ClCompile Include="MeshRendererComponent.cpp">
      <Filter>头文件\OECore\ECS\Component</Filter>
    </ClCompile>
    <ClCompile Include="MeshRendererSystem.cpp">
      <Filter>头文件\OECore\ECS\System</Filter>
    </ClCompile>
    <ClCompile Include="InputComponent.cpp">
      <Filter>头文件\OECore\ECS\Component</Filter>
    </ClCompile>
    <ClCompile Include="MonoBehaviour.cpp">
      <Filter>头文件\OECore\ECS\Component</Filter>
    </ClCompile>
    <ClCompile Include="MonoBehaviourSystem.cpp">
      <Filter>头文件\OECore\ECS\System</Filter>
    </ClCompile>
  </ItemGroup>
  <ItemGroup>
    <None Include="packages.config" />
    <None Include="Math.h">
      <Filter>头文件\OECore</Filter>
    </None>
  </ItemGroup>
  <ItemGroup>
    <ClInclude Include="PropertyMap.h">
      <Filter>头文件\OECore</Filter>
    </ClInclude>
    <ClInclude Include="WindowSetting.h">
      <Filter>头文件\OEWindows</Filter>
    </ClInclude>
    <ClInclude Include="WindowDevice.h">
      <Filter>头文件\OEWindows</Filter>
    </ClInclude>
    <ClInclude Include="ConsoleHandler.h">
      <Filter>头文件\OEDebug</Filter>
    </ClInclude>
    <ClInclude Include="ILogHandler.h">
      <Filter>头文件\OEDebug</Filter>
    </ClInclude>
    <ClInclude Include="Logger.h">
      <Filter>头文件\OEDebug</Filter>
    </ClInclude>
    <ClInclude Include="Time.h">
      <Filter>头文件\OETool</Filter>
    </ClInclude>
    <ClInclude Include="WindowDeviceSetting.h">
      <Filter>头文件\OEWindows</Filter>
    </ClInclude>
    <ClInclude Include="Application.h">
      <Filter>头文件\OEApplication</Filter>
    </ClInclude>
    <ClInclude Include="Context.h">
      <Filter>头文件\OEApplication</Filter>
    </ClInclude>
    <ClInclude Include="IniFile.h">
      <Filter>头文件\OETool</Filter>
    </ClInclude>
    <ClInclude Include="DriverSetting.h">
      <Filter>头文件\OERendering</Filter>
    </ClInclude>
    <ClInclude Include="Object.h">
      <Filter>头文件\OECore</Filter>
    </ClInclude>
    <ClInclude Include="GUID.h">
      <Filter>头文件\OECore</Filter>
    </ClInclude>
    <ClInclude Include="ImportSetting.h">
      <Filter>头文件\OECore\AssetImporter</Filter>
    </ClInclude>
    <ClInclude Include="Mesh.h">
      <Filter>头文件\OERendering\Assets</Filter>
    </ClInclude>
    <ClInclude Include="Game.h">
      <Filter>头文件\OEApplication</Filter>
    </ClInclude>
    <ClInclude Include="AssetDatabase.hpp">
      <Filter>头文件\OEEditor</Filter>
    </ClInclude>
    <ClInclude Include="RenderDriver.h">
      <Filter>头文件\OERendering</Filter>
    </ClInclude>
    <ClInclude Include="Action.h">
      <Filter>头文件\OETool</Filter>
    </ClInclude>
    <ClInclude Include="Window.h">
      <Filter>头文件\OEWindows</Filter>
    </ClInclude>
    <ClInclude Include="IBuffer.h">
      <Filter>头文件\OERendering\Buffer</Filter>
    </ClInclude>
    <ClInclude Include="VertexArray.h">
      <Filter>头文件\OERendering\Buffer</Filter>
    </ClInclude>
    <ClInclude Include="VertexBuffer.h">
      <Filter>头文件\OERendering\Buffer</Filter>
    </ClInclude>
    <ClInclude Include="ElementBuffer.h">
      <Filter>头文件\OERendering\Buffer</Filter>
    </ClInclude>
    <ClInclude Include="Texture.h">
      <Filter>头文件\OERendering\Assets</Filter>
    </ClInclude>
    <ClInclude Include="TextureImporter.h">
      <Filter>头文件\OECore\AssetImporter</Filter>
    </ClInclude>
    <ClInclude Include="IAssetImporter.h">
      <Filter>头文件\OECore\AssetImporter</Filter>
    </ClInclude>
    <ClInclude Include="AssetImporter.h">
      <Filter>头文件\OECore\AssetImporter</Filter>
    </ClInclude>
    <ClInclude Include="stb_image.h">
      <Filter>头文件</Filter>
    </ClInclude>
    <ClInclude Include="IRuntimeModule.h">
      <Filter>头文件\OECore\ECS</Filter>
    </ClInclude>
    <ClInclude Include="World.h">
      <Filter>头文件\OECore\ECS</Filter>
    </ClInclude>
    <ClInclude Include="Entity.h">
      <Filter>头文件\OECore\ECS</Filter>
    </ClInclude>
    <ClInclude Include="GeometryComponent.h">
      <Filter>头文件\OECore\ECS\Component</Filter>
    </ClInclude>
    <ClInclude Include="TransformComponent.h">
      <Filter>头文件\OECore\ECS\Component</Filter>
    </ClInclude>
    <ClInclude Include="IComponent.h">
      <Filter>头文件\OECore\ECS\Component</Filter>
    </ClInclude>
    <ClInclude Include="InputSystem.h">
      <Filter>头文件\OECore\ECS\System</Filter>
    </ClInclude>
    <ClInclude Include="ISystem.h">
      <Filter>头文件\OECore\ECS\System</Filter>
    </ClInclude>
    <ClInclude Include="PhysicSystem.h">
      <Filter>头文件\OECore\ECS\System</Filter>
    </ClInclude>
    <ClInclude Include="TransformSystem.h">
      <Filter>头文件\OECore\ECS\System</Filter>
    </ClInclude>
    <ClInclude Include="Material.h">
      <Filter>头文件\OERendering\Assets</Filter>
    </ClInclude>
    <ClInclude Include="Shader.h">
      <Filter>头文件\OERendering\Assets</Filter>
    </ClInclude>
    <ClInclude Include="Uniformbuffer.h">
      <Filter>头文件\OERendering\Buffer</Filter>
    </ClInclude>
    <ClInclude Include="Uniform.h">
      <Filter>头文件\OERendering\Assets</Filter>
    </ClInclude>
    <ClInclude Include="imgui_internal.h">
      <Filter>Imgui</Filter>
    </ClInclude>
    <ClInclude Include="imconfig.h">
      <Filter>Imgui</Filter>
    </ClInclude>
    <ClInclude Include="imgui.h">
      <Filter>Imgui</Filter>
    </ClInclude>
    <ClInclude Include="imgui_impl_opengl3_loader.h">
      <Filter>Imgui\sources</Filter>
    </ClInclude>
    <ClInclude Include="imgui_impl_glfw.h">
      <Filter>Imgui\sources</Filter>
    </ClInclude>
    <ClInclude Include="imgui_impl_opengl3.h">
      <Filter>Imgui\sources</Filter>
    </ClInclude>
    <ClInclude Include="imstb_rectpack.h">
      <Filter>Imgui</Filter>
    </ClInclude>
    <ClInclude Include="imstb_textedit.h">
      <Filter>Imgui</Filter>
    </ClInclude>
    <ClInclude Include="imstb_truetype.h">
      <Filter>Imgui</Filter>
    </ClInclude>
    <ClInclude Include="Input.h">
      <Filter>头文件\OECore\Input</Filter>
    </ClInclude>
    <ClInclude Include="UI.h">
      <Filter>头文件\OECore\UI</Filter>
    </ClInclude>
    <ClInclude Include="UIComponent.h">
      <Filter>头文件\OECore\ECS\Component</Filter>
    </ClInclude>
    <ClInclude Include="UISystem.h">
      <Filter>头文件\OECore\ECS\System</Filter>
    </ClInclude>
    <ClInclude Include="ButtonComponent.h">
      <Filter>头文件\OECore\ECS\Component</Filter>
    </ClInclude>
    <ClInclude Include="ShaderImporter.h">
      <Filter>头文件\OECore\AssetImporter</Filter>
    </ClInclude>
    <ClInclude Include="MaterialImporter.h">
      <Filter>头文件\OECore\AssetImporter</Filter>
    </ClInclude>
    <ClInclude Include="ObjectReference.h">
      <Filter>头文件\OECore\AssetImporter</Filter>
    </ClInclude>
    <ClInclude Include="ServiceLocator.h">
      <Filter>头文件\OETool</Filter>
    </ClInclude>
    <ClInclude Include="CameraComponent.h">
      <Filter>头文件\OECore\ECS\Component</Filter>
    </ClInclude>
    <ClInclude Include="CameraSystem.h">
      <Filter>头文件\OECore\ECS\System</Filter>
    </ClInclude>
    <ClInclude Include="ColliderComponent.h">
      <Filter>头文件\OECore\ECS\Component</Filter>
    </ClInclude>
    <ClInclude Include="RigidBodyComponent.h">
      <Filter>头文件\OECore\ECS\Component</Filter>
    </ClInclude>
    <ClInclude Include="AABB.h">
      <Filter>头文件\OECore\ECS\System\Physics</Filter>
    </ClInclude>
    <ClInclude Include="BoardPhase.h">
      <Filter>头文件\OECore\ECS\System\Physics</Filter>
    </ClInclude>
    <ClInclude Include="IntegratePhase.h">
      <Filter>头文件\OECore\ECS\System\Physics</Filter>
    </ClInclude>
    <ClInclude Include="NarrowPhase.h">
      <Filter>头文件\OECore\ECS\System\Physics</Filter>
    </ClInclude>
    <ClInclude Include="ResolutionPhase.h">
      <Filter>头文件\OECore\ECS\System\Physics</Filter>
    </ClInclude>
    <ClInclude Include="Contact.h">
      <Filter>头文件\OECore\ECS\System\Physics</Filter>
    </ClInclude>
    <ClInclude Include="Inertia.h">
      <Filter>头文件\OECore\ECS\System\Physics</Filter>
    </ClInclude>
    <ClInclude Include="Jacobian.h">
      <Filter>头文件\OECore\ECS\System\Physics</Filter>
    </ClInclude>
    <ClInclude Include="Renderer.h">
      <Filter>头文件\OERendering</Filter>
    </ClInclude>
    <ClInclude Include="RenderEnum.h">
      <Filter>头文件\OERendering</Filter>
    </ClInclude>
    <ClInclude Include="MeshRendererComponent.h">
      <Filter>头文件\OECore\ECS\Component</Filter>
    </ClInclude>
    <ClInclude Include="MeshRendererSystem.h">
      <Filter>头文件\OECore\ECS\System</Filter>
    </ClInclude>
    <ClInclude Include="InputComponent.h">
      <Filter>头文件\OECore\ECS\Component</Filter>
    </ClInclude>
    <ClInclude Include="EKey.h">
      <Filter>头文件\OECore\Input</Filter>
    </ClInclude>
    <ClInclude Include="EKeyState.h">
      <Filter>头文件\OECore\Input</Filter>
    </ClInclude>
    <ClInclude Include="EMouseButton.h">
      <Filter>头文件\OECore\Input</Filter>
    </ClInclude>
    <ClInclude Include="EMouseButtonState.h">
      <Filter>头文件\OECore\Input</Filter>
    </ClInclude>
    <ClInclude Include="MonoBehaviour.h">
      <Filter>头文件\OECore\ECS\Component</Filter>
    </ClInclude>
    <ClInclude Include="MonoBehaviourSystem.h">
      <Filter>头文件\OECore\ECS\System</Filter>
    </ClInclude>
  </ItemGroup>
</Project>